{
  "version": 4,
  "terraform_version": "1.8.5",
  "serial": 23,
  "lineage": "a3cd7d7e-c1c0-7016-9f01-640c8f06249a",
  "outputs": {},
  "resources": [
    {
      "mode": "managed",
      "type": "aws_db_subnet_group",
      "name": "my_rds_subnetgroup",
      "provider": "provider[\"registry.terraform.io/hashicorp/aws\"]",
      "instances": [
        {
          "schema_version": 0,
          "attributes": {
            "arn": "arn:aws:rds:ap-northeast-2:905418405459:subgrp:rds_group",
            "description": "Managed by Terraform",
            "id": "rds_group",
            "name": "rds_group",
            "name_prefix": "",
            "subnet_ids": [
              "subnet-0dae8b778b91f203f",
              "subnet-0dd62faa1e0c712a0"
            ],
            "supported_network_types": [
              "IPV4"
            ],
            "tags": {
              "Name": "dongmin"
            },
            "tags_all": {
              "Name": "dongmin"
            },
            "vpc_id": "vpc-027ec77fc540af69d"
          },
          "sensitive_attributes": [],
          "private": "bnVsbA==",
          "dependencies": [
            "module.common.aws_subnet.my_subnet",
            "module.common.aws_subnet.my_subnet2",
            "module.common.aws_vpc.my_vpc"
          ]
        }
      ]
    }
  ],
  "check_results": null
}
